
Microsoft Visual Studio Solution File, Format Version 12.00
# Visual Studio Version 17
VisualStudioVersion = 17.2.32210.308
MinimumVisualStudioVersion = 10.0.40219.1
Project("{FAE04EC0-301F-11D3-BF4B-00C04F79EFBC}") = "Store Market 1", "Store Market 1\Store Market 1.csproj", "{F751A70F-7C48-439A-9A0C-656896FC1CE8}"
EndProject
Project("{54435603-DBB4-11D2-8724-00A0C9A8B90C}") = "StoreMarket", "StoreMarket\StoreMarket.vdproj", "{AC2A20F2-1E89-4349-AF66-BF6AFFF81769}"
EndProject
Global
	GlobalSection(SolutionConfigurationPlatforms) = preSolution
		Debug|Any CPU = Debug|Any CPU
		Release|Any CPU = Release|Any CPU
	EndGlobalSection
	GlobalSection(ProjectConfigurationPlatforms) = postSolution
		{F751A70F-7C48-439A-9A0C-656896FC1CE8}.Debug|Any CPU.ActiveCfg = Debug|Any CPU
		{F751A70F-7C48-439A-9A0C-656896FC1CE8}.Debug|Any CPU.Build.0 = Debug|Any CPU
		{F751A70F-7C48-439A-9A0C-656896FC1CE8}.Release|Any CPU.ActiveCfg = Release|Any CPU
		{F751A70F-7C48-439A-9A0C-656896FC1CE8}.Release|Any CPU.Build.0 = Release|Any CPU
		{AC2A20F2-1E89-4349-AF66-BF6AFFF81769}.Debug|Any CPU.ActiveCfg = Debug
		{AC2A20F2-1E89-4349-AF66-BF6AFFF81769}.Release|Any CPU.ActiveCfg = Release
	EndGlobalSection
	GlobalSection(SolutionProperties) = preSolution
		HideSolutionNode = FALSE
	EndGlobalSection
	GlobalSection(ExtensibilityGlobals) = postSolution
		SolutionGuid = {C4FAADF1-1CD4-4365-AAC0-FF14080614BC}
	EndGlobalSection
EndGlobal
